
Microsoft Visual Studio Solution File, Format Version 12.00
# Visual Studio Version 17
VisualStudioVersion = 17.7.34202.233
MinimumVisualStudioVersion = 10.0.40219.1
Project("{FAE04EC0-301F-11D3-BF4B-00C04F79EFBC}") = "Project2", "Project2.csproj", "{58C94A2E-42C9-4CF1-9E39-21594747C67B}"
EndProject
Global
	GlobalSection(SolutionConfigurationPlatforms) = preSolution
		Debug|Any CPU = Debug|Any CPU
		Release|Any CPU = Release|Any CPU
	EndGlobalSection
	GlobalSection(ProjectConfigurationPlatforms) = postSolution
		{58C94A2E-42C9-4CF1-9E39-21594747C67B}.Debug|Any CPU.ActiveCfg = Debug|Any CPU
		{58C94A2E-42C9-4CF1-9E39-21594747C67B}.Debug|Any CPU.Build.0 = Debug|Any CPU
		{58C94A2E-42C9-4CF1-9E39-21594747C67B}.Release|Any CPU.ActiveCfg = Release|Any CPU
		{58C94A2E-42C9-4CF1-9E39-21594747C67B}.Release|Any CPU.Build.0 = Release|Any CPU
	EndGlobalSection
	GlobalSection(SolutionProperties) = preSolution
		HideSolutionNode = FALSE
	EndGlobalSection
	GlobalSection(ExtensibilityGlobals) = postSolution
		SolutionGuid = {609F8687-D9B0-4A92-A8CA-411A3BEC4BFC}
	EndGlobalSection
EndGlobal
